
Microsoft Visual Studio Solution File, Format Version 12.00
# Visual Studio Version 17
VisualStudioVersion = 17.14.37216.2 d17.14
MinimumVisualStudioVersion = 10.0.40219.1
Project("{FAE04EC0-301F-11D3-BF4B-00C04F79EFBC}") = "P2PNetwork", "P2PNetwork\P2PNetwork.csproj", "{98427603-190B-421A-8AE2-3818E6A581DD}"
EndProject
Global
	GlobalSection(SolutionConfigurationPlatforms) = preSolution
		Debug|Any CPU = Debug|Any CPU
		Release|Any CPU = Release|Any CPU
	EndGlobalSection
	GlobalSection(ProjectConfigurationPlatforms) = postSolution
		{98427603-190B-421A-8AE2-3818E6A581DD}.Debug|Any CPU.ActiveCfg = Debug|Any CPU
		{98427603-190B-421A-8AE2-3818E6A581DD}.Debug|Any CPU.Build.0 = Debug|Any CPU
		{98427603-190B-421A-8AE2-3818E6A581DD}.Release|Any CPU.ActiveCfg = Release|Any CPU
		{98427603-190B-421A-8AE2-3818E6A581DD}.Release|Any CPU.Build.0 = Release|Any CPU
	EndGlobalSection
	GlobalSection(SolutionProperties) = preSolution
		HideSolutionNode = FALSE
	EndGlobalSection
	GlobalSection(ExtensibilityGlobals) = postSolution
		SolutionGuid = {2212C8CA-E0A8-4157-96B1-9217B8CD79AB}
	EndGlobalSection
EndGlobal
